// !$*UTF8*$!
{
	archiveVersion = 1;
	classes = {
	};
	objectVersion = 50;
	objects = {

/* Begin PBXBuildFile section */
		80CBF99A2220A8160016BA8C /* AppDelegate.swift in Sources */ = {isa = PBXBuildFile; fileRef = 80CBF9992220A8160016BA8C /* AppDelegate.swift */; };
		80CBF99C2220A8160016BA8C /* ViewController.swift in Sources */ = {isa = PBXBuildFile; fileRef = 80CBF99B2220A8160016BA8C /* ViewController.swift */; };
		80CBF99E2220A8180016BA8C /* Assets.xcassets in Resources */ = {isa = PBXBuildFile; fileRef = 80CBF99D2220A8180016BA8C /* Assets.xcassets */; };
		80CBF9A12220A8180016BA8C /* Main.storyboard in Resources */ = {isa = PBXBuildFile; fileRef = 80CBF99F2220A8180016BA8C /* Main.storyboard */; };
		80CBF9AD2220A8190016BA8C /* ReactionDiffusionTests.swift in Sources */ = {isa = PBXBuildFile; fileRef = 80CBF9AC2220A8190016BA8C /* ReactionDiffusionTests.swift */; };
		80CBF9BF2220AC3C0016BA8C /* Renderer.swift in Sources */ = {isa = PBXBuildFile; fileRef = 80CBF9BE2220AC3C0016BA8C /* Renderer.swift */; };
		80CBF9C32220AD950016BA8C /* Metal.framework in Frameworks */ = {isa = PBXBuildFile; fileRef = 80CBF9C12220AD950016BA8C /* Metal.framework */; };
		80CBF9C42220AD950016BA8C /* MetalKit.framework in Frameworks */ = {isa = PBXBuildFile; fileRef = 80CBF9C22220AD950016BA8C /* MetalKit.framework */; };
		80CBF9C62220AF8D0016BA8C /* Image.swift in Sources */ = {isa = PBXBuildFile; fileRef = 80CBF9C52220AF8D0016BA8C /* Image.swift */; };
		80CBF9CA2220B0030016BA8C /* Image.tga in Resources */ = {isa = PBXBuildFile; fileRef = 80CBF9C92220B0030016BA8C /* Image.tga */; };
		80CBF9CE2220CA6A0016BA8C /* Shaders.metal in Sources */ = {isa = PBXBuildFile; fileRef = 80CBF9CD2220CA6A0016BA8C /* Shaders.metal */; };
/* End PBXBuildFile section */

/* Begin PBXContainerItemProxy section */
		80CBF9A92220A8190016BA8C /* PBXContainerItemProxy */ = {
			isa = PBXContainerItemProxy;
			containerPortal = 80CBF98E2220A8160016BA8C /* Project object */;
			proxyType = 1;
			remoteGlobalIDString = 80CBF9952220A8160016BA8C;
			remoteInfo = ReactionDiffusion;
		};
/* End PBXContainerItemProxy section */

/* Begin PBXFileReference section */
		80CBF9962220A8160016BA8C /* ReactionDiffusion.app */ = {isa = PBXFileReference; explicitFileType = wrapper.application; includeInIndex = 0; path = ReactionDiffusion.app; sourceTree = BUILT_PRODUCTS_DIR; };
		80CBF9992220A8160016BA8C /* AppDelegate.swift */ = {isa = PBXFileReference; lastKnownFileType = sourcecode.swift; path = AppDelegate.swift; sourceTree = "<group>"; };
		80CBF99B2220A8160016BA8C /* ViewController.swift */ = {isa = PBXFileReference; lastKnownFileType = sourcecode.swift; path = ViewController.swift; sourceTree = "<group>"; };
		80CBF99D2220A8180016BA8C /* Assets.xcassets */ = {isa = PBXFileReference; lastKnownFileType = folder.assetcatalog; path = Assets.xcassets; sourceTree = "<group>"; };
		80CBF9A02220A8180016BA8C /* Base */ = {isa = PBXFileReference; lastKnownFileType = file.storyboard; name = Base; path = Base.lproj/Main.storyboard; sourceTree = "<group>"; };
		80CBF9A22220A8190016BA8C /* Info.plist */ = {isa = PBXFileReference; lastKnownFileType = text.plist.xml; path = Info.plist; sourceTree = "<group>"; };
		80CBF9A32220A8190016BA8C /* ReactionDiffusion.entitlements */ = {isa = PBXFileReference; lastKnownFileType = text.plist.entitlements; path = ReactionDiffusion.entitlements; sourceTree = "<group>"; };
		80CBF9A82220A8190016BA8C /* ReactionDiffusionTests.xctest */ = {isa = PBXFileReference; explicitFileType = wrapper.cfbundle; includeInIndex = 0; path = ReactionDiffusionTests.xctest; sourceTree = BUILT_PRODUCTS_DIR; };
		80CBF9AC2220A8190016BA8C /* ReactionDiffusionTests.swift */ = {isa = PBXFileReference; lastKnownFileType = sourcecode.swift; path = ReactionDiffusionTests.swift; sourceTree = "<group>"; };
		80CBF9AE2220A8190016BA8C /* Info.plist */ = {isa = PBXFileReference; lastKnownFileType = text.plist.xml; path = Info.plist; sourceTree = "<group>"; };
		80CBF9BE2220AC3C0016BA8C /* Renderer.swift */ = {isa = PBXFileReference; lastKnownFileType = sourcecode.swift; path = Renderer.swift; sourceTree = "<group>"; };
		80CBF9C12220AD950016BA8C /* Metal.framework */ = {isa = PBXFileReference; lastKnownFileType = wrapper.framework; name = Metal.framework; path = System/Library/Frameworks/Metal.framework; sourceTree = SDKROOT; };
		80CBF9C22220AD950016BA8C /* MetalKit.framework */ = {isa = PBXFileReference; lastKnownFileType = wrapper.framework; name = MetalKit.framework; path = System/Library/Frameworks/MetalKit.framework; sourceTree = SDKROOT; };
		80CBF9C52220AF8D0016BA8C /* Image.swift */ = {isa = PBXFileReference; lastKnownFileType = sourcecode.swift; path = Image.swift; sourceTree = "<group>"; };
		80CBF9C92220B0030016BA8C /* Image.tga */ = {isa = PBXFileReference; lastKnownFileType = file; path = Image.tga; sourceTree = "<group>"; };
		80CBF9CD2220CA6A0016BA8C /* Shaders.metal */ = {isa = PBXFileReference; lastKnownFileType = sourcecode.metal; path = Shaders.metal; sourceTree = "<group>"; };
/* End PBXFileReference section */

/* Begin PBXFrameworksBuildPhase section */
		80CBF9932220A8160016BA8C /* Frameworks */ = {
			isa = PBXFrameworksBuildPhase;
			buildActionMask = 2147483647;
			files = (
				80CBF9C32220AD950016BA8C /* Metal.framework in Frameworks */,
				80CBF9C42220AD950016BA8C /* MetalKit.framework in Frameworks */,
			);
			runOnlyForDeploymentPostprocessing = 0;
		};
		80CBF9A52220A8190016BA8C /* Frameworks */ = {
			isa = PBXFrameworksBuildPhase;
			buildActionMask = 2147483647;
			files = (
			);
			runOnlyForDeploymentPostprocessing = 0;
		};
/* End PBXFrameworksBuildPhase section */

/* Begin PBXGroup section */
		80CBF98D2220A8160016BA8C = {
			isa = PBXGroup;
			children = (
				80CBF9982220A8160016BA8C /* ReactionDiffusion */,
				80CBF9AB2220A8190016BA8C /* ReactionDiffusionTests */,
				80CBF9972220A8160016BA8C /* Products */,
				80CBF9C02220AD950016BA8C /* Frameworks */,
			);
			sourceTree = "<group>";
		};
		80CBF9972220A8160016BA8C /* Products */ = {
			isa = PBXGroup;
			children = (
				80CBF9962220A8160016BA8C /* ReactionDiffusion.app */,
				80CBF9A82220A8190016BA8C /* ReactionDiffusionTests.xctest */,
			);
			name = Products;
			sourceTree = "<group>";
		};
		80CBF9982220A8160016BA8C /* ReactionDiffusion */ = {
			isa = PBXGroup;
			children = (
				80CBF9CC2220CA5E0016BA8C /* Shaders */,
				80CBF9C92220B0030016BA8C /* Image.tga */,
				80CBF9BD2220AA9E0016BA8C /* Renderer */,
				80CBF9B92220A9690016BA8C /* Viewer */,
				80CBF9992220A8160016BA8C /* AppDelegate.swift */,
				80CBF99D2220A8180016BA8C /* Assets.xcassets */,
				80CBF9BC2220A9B30016BA8C /* AppInfo */,
			);
			path = ReactionDiffusion;
			sourceTree = "<group>";
		};
		80CBF9AB2220A8190016BA8C /* ReactionDiffusionTests */ = {
			isa = PBXGroup;
			children = (
				80CBF9AC2220A8190016BA8C /* ReactionDiffusionTests.swift */,
				80CBF9AE2220A8190016BA8C /* Info.plist */,
			);
			path = ReactionDiffusionTests;
			sourceTree = "<group>";
		};
		80CBF9B92220A9690016BA8C /* Viewer */ = {
			isa = PBXGroup;
			children = (
				80CBF99B2220A8160016BA8C /* ViewController.swift */,
				80CBF99F2220A8180016BA8C /* Main.storyboard */,
			);
			name = Viewer;
			sourceTree = "<group>";
		};
		80CBF9BC2220A9B30016BA8C /* AppInfo */ = {
			isa = PBXGroup;
			children = (
				80CBF9A22220A8190016BA8C /* Info.plist */,
				80CBF9A32220A8190016BA8C /* ReactionDiffusion.entitlements */,
			);
			name = AppInfo;
			sourceTree = "<group>";
		};
		80CBF9BD2220AA9E0016BA8C /* Renderer */ = {
			isa = PBXGroup;
			children = (
				80CBF9C52220AF8D0016BA8C /* Image.swift */,
				80CBF9BE2220AC3C0016BA8C /* Renderer.swift */,
			);
			path = Renderer;
			sourceTree = "<group>";
		};
		80CBF9C02220AD950016BA8C /* Frameworks */ = {
			isa = PBXGroup;
			children = (
				80CBF9C12220AD950016BA8C /* Metal.framework */,
				80CBF9C22220AD950016BA8C /* MetalKit.framework */,
			);
			name = Frameworks;
			sourceTree = "<group>";
		};
		80CBF9CC2220CA5E0016BA8C /* Shaders */ = {
			isa = PBXGroup;
			children = (
				80CBF9CD2220CA6A0016BA8C /* Shaders.metal */,
			);
			path = Shaders;
			sourceTree = "<group>";
		};
/* End PBXGroup section */

/* Begin PBXNativeTarget section */
		80CBF9952220A8160016BA8C /* ReactionDiffusion */ = {
			isa = PBXNativeTarget;
			buildConfigurationList = 80CBF9B12220A8190016BA8C /* Build configuration list for PBXNativeTarget "ReactionDiffusion" */;
			buildPhases = (
				80CBF9922220A8160016BA8C /* Sources */,
				80CBF9932220A8160016BA8C /* Frameworks */,
				80CBF9942220A8160016BA8C /* Resources */,
			);
			buildRules = (
			);
			dependencies = (
			);
			name = ReactionDiffusion;
			productName = ReactionDiffusion;
			productReference = 80CBF9962220A8160016BA8C /* ReactionDiffusion.app */;
			productType = "com.apple.product-type.application";
		};
		80CBF9A72220A8190016BA8C /* ReactionDiffusionTests */ = {
			isa = PBXNativeTarget;
			buildConfigurationList = 80CBF9B42220A8190016BA8C /* Build configuration list for PBXNativeTarget "ReactionDiffusionTests" */;
			buildPhases = (
				80CBF9A42220A8190016BA8C /* Sources */,
				80CBF9A52220A8190016BA8C /* Frameworks */,
				80CBF9A62220A8190016BA8C /* Resources */,
			);
			buildRules = (
			);
			dependencies = (
				80CBF9AA2220A8190016BA8C /* PBXTargetDependency */,
			);
			name = ReactionDiffusionTests;
			productName = ReactionDiffusionTests;
			productReference = 80CBF9A82220A8190016BA8C /* ReactionDiffusionTests.xctest */;
			productType = "com.apple.product-type.bundle.unit-test";
		};
/* End PBXNativeTarget section */

/* Begin PBXProject section */
		80CBF98E2220A8160016BA8C /* Project object */ = {
			isa = PBXProject;
			attributes = {
				LastSwiftUpdateCheck = 1010;
				LastUpgradeCheck = 1010;
				ORGANIZATIONNAME = "Jos Kuijpers";
				TargetAttributes = {
					80CBF9952220A8160016BA8C = {
						CreatedOnToolsVersion = 10.1;
					};
					80CBF9A72220A8190016BA8C = {
						CreatedOnToolsVersion = 10.1;
						TestTargetID = 80CBF9952220A8160016BA8C;
					};
				};
			};
			buildConfigurationList = 80CBF9912220A8160016BA8C /* Build configuration list for PBXProject "ReactionDiffusion" */;
			compatibilityVersion = "Xcode 9.3";
			developmentRegion = en;
			hasScannedForEncodings = 0;
			knownRegions = (
				en,
				Base,
			);
			mainGroup = 80CBF98D2220A8160016BA8C;
			productRefGroup = 80CBF9972220A8160016BA8C /* Products */;
			projectDirPath = "";
			projectRoot = "";
			targets = (
				80CBF9952220A8160016BA8C /* ReactionDiffusion */,
				80CBF9A72220A8190016BA8C /* ReactionDiffusionTests */,
			);
		};
/* End PBXProject section */

/* Begin PBXResourcesBuildPhase section */
		80CBF9942220A8160016BA8C /* Resources */ = {
			isa = PBXResourcesBuildPhase;
			buildActionMask = 2147483647;
			files = (
				80CBF9CA2220B0030016BA8C /* Image.tga in Resources */,
				80CBF99E2220A8180016BA8C /* Assets.xcassets in Resources */,
				80CBF9A12220A8180016BA8C /* Main.storyboard in Resources */,
			);
			runOnlyForDeploymentPostprocessing = 0;
		};
		80CBF9A62220A8190016BA8C /* Resources */ = {
			isa = PBXResourcesBuildPhase;
			buildActionMask = 2147483647;
			files = (
			);
			runOnlyForDeploymentPostprocessing = 0;
		};
/* End PBXResourcesBuildPhase section */

/* Begin PBXSourcesBuildPhase section */
		80CBF9922220A8160016BA8C /* Sources */ = {
			isa = PBXSourcesBuildPhase;
			buildActionMask = 2147483647;
			files = (
				80CBF99C2220A8160016BA8C /* ViewController.swift in Sources */,
				80CBF9C62220AF8D0016BA8C /* Image.swift in Sources */,
				80CBF9BF2220AC3C0016BA8C /* Renderer.swift in Sources */,
				80CBF99A2220A8160016BA8C /* AppDelegate.swift in Sources */,
				80CBF9CE2220CA6A0016BA8C /* Shaders.metal in Sources */,
			);
			runOnlyForDeploymentPostprocessing = 0;
		};
		80CBF9A42220A8190016BA8C /* Sources */ = {
			isa = PBXSourcesBuildPhase;
			buildActionMask = 2147483647;
			files = (
				80CBF9AD2220A8190016BA8C /* ReactionDiffusionTests.swift in Sources */,
			);
			runOnlyForDeploymentPostprocessing = 0;
		};
/* End PBXSourcesBuildPhase section */

/* Begin PBXTargetDependency section */
		80CBF9AA2220A8190016BA8C /* PBXTargetDependency */ = {
			isa = PBXTargetDependency;
			target = 80CBF9952220A8160016BA8C /* ReactionDiffusion */;
			targetProxy = 80CBF9A92220A8190016BA8C /* PBXContainerItemProxy */;
		};
/* End PBXTargetDependency section */

/* Begin PBXVariantGroup section */
		80CBF99F2220A8180016BA8C /* Main.storyboard */ = {
			isa = PBXVariantGroup;
			children = (
				80CBF9A02220A8180016BA8C /* Base */,
			);
			name = Main.storyboard;
			sourceTree = "<group>";
		};
/* End PBXVariantGroup section */

/* Begin XCBuildConfiguration section */
		80CBF9AF2220A8190016BA8C /* Debug */ = {
			isa = XCBuildConfiguration;
			buildSettings = {
				ALWAYS_SEARCH_USER_PATHS = NO;
				CLANG_ANALYZER_NONNULL = YES;
				CLANG_ANALYZER_NUMBER_OBJECT_CONVERSION = YES_AGGRESSIVE;
				CLANG_CXX_LANGUAGE_STANDARD = "gnu++14";
				CLANG_CXX_LIBRARY = "libc++";
				CLANG_ENABLE_MODULES = YES;
				CLANG_ENABLE_OBJC_ARC = YES;
				CLANG_ENABLE_OBJC_WEAK = YES;
				CLANG_WARN_BLOCK_CAPTURE_AUTORELEASING = YES;
				CLANG_WARN_BOOL_CONVERSION = YES;
				CLANG_WARN_COMMA = YES;
				CLANG_WARN_CONSTANT_CONVERSION = YES;
				CLANG_WARN_DEPRECATED_OBJC_IMPLEMENTATIONS = YES;
				CLANG_WARN_DIRECT_OBJC_ISA_USAGE = YES_ERROR;
				CLANG_WARN_DOCUMENTATION_COMMENTS = YES;
				CLANG_WARN_EMPTY_BODY = YES;
				CLANG_WARN_ENUM_CONVERSION = YES;
				CLANG_WARN_INFINITE_RECURSION = YES;
				CLANG_WARN_INT_CONVERSION = YES;
				CLANG_WARN_NON_LITERAL_NULL_CONVERSION = YES;
				CLANG_WARN_OBJC_IMPLICIT_RETAIN_SELF = YES;
				CLANG_WARN_OBJC_LITERAL_CONVERSION = YES;
				CLANG_WARN_OBJC_ROOT_CLASS = YES_ERROR;
				CLANG_WARN_RANGE_LOOP_ANALYSIS = YES;
				CLANG_WARN_STRICT_PROTOTYPES = YES;
				CLANG_WARN_SUSPICIOUS_MOVE = YES;
				CLANG_WARN_UNGUARDED_AVAILABILITY = YES_AGGRESSIVE;
				CLANG_WARN_UNREACHABLE_CODE = YES;
				CLANG_WARN__DUPLICATE_METHOD_MATCH = YES;
				CODE_SIGN_IDENTITY = "Mac Developer";
				COPY_PHASE_STRIP = NO;
				DEBUG_INFORMATION_FORMAT = dwarf;
				ENABLE_STRICT_OBJC_MSGSEND = YES;
				ENABLE_TESTABILITY = YES;
				GCC_C_LANGUAGE_STANDARD = gnu11;
				GCC_DYNAMIC_NO_PIC = NO;
				GCC_NO_COMMON_BLOCKS = YES;
				GCC_OPTIMIZATION_LEVEL = 0;
				GCC_PREPROCESSOR_DEFINITIONS = (
					"DEBUG=1",
					"$(inherited)",
				);
				GCC_WARN_64_TO_32_BIT_CONVERSION = YES;
				GCC_WARN_ABOUT_RETURN_TYPE = YES_ERROR;
				GCC_WARN_UNDECLARED_SELECTOR = YES;
				GCC_WARN_UNINITIALIZED_AUTOS = YES_AGGRESSIVE;
				GCC_WARN_UNUSED_FUNCTION = YES;
				GCC_WARN_UNUSED_VARIABLE = YES;
				MACOSX_DEPLOYMENT_TARGET = 10.14;
				MTL_ENABLE_DEBUG_INFO = INCLUDE_SOURCE;
				MTL_FAST_MATH = YES;
				ONLY_ACTIVE_ARCH = YES;
				SDKROOT = macosx;
				SWIFT_ACTIVE_COMPILATION_CONDITIONS = DEBUG;
				SWIFT_OPTIMIZATION_LEVEL = "-Onone";
			};
			name = Debug;
		};
		80CBF9B02220A8190016BA8C /* Release */ = {
			isa = XCBuildConfiguration;
			buildSettings = {
				ALWAYS_SEARCH_USER_PATHS = NO;
				CLANG_ANALYZER_NONNULL = YES;
				CLANG_ANALYZER_NUMBER_OBJECT_CONVERSION = YES_AGGRESSIVE;
				CLANG_CXX_LANGUAGE_STANDARD = "gnu++14";
				CLANG_CXX_LIBRARY = "libc++";
				CLANG_ENABLE_MODULES = YES;
				CLANG_ENABLE_OBJC_ARC = YES;
				CLANG_ENABLE_OBJC_WEAK = YES;
				CLANG_WARN_BLOCK_CAPTURE_AUTORELEASING = YES;
				CLANG_WARN_BOOL_CONVERSION = YES;
				CLANG_WARN_COMMA = YES;
				CLANG_WARN_CONSTANT_CONVERSION = YES;
				CLANG_WARN_DEPRECATED_OBJC_IMPLEMENTATIONS = YES;
				CLANG_WARN_DIRECT_OBJC_ISA_USAGE = YES_ERROR;
				CLANG_WARN_DOCUMENTATION_COMMENTS = YES;
				CLANG_WARN_EMPTY_BODY = YES;
				CLANG_WARN_ENUM_CONVERSION = YES;
				CLANG_WARN_INFINITE_RECURSION = YES;
				CLANG_WARN_INT_CONVERSION = YES;
				CLANG_WARN_NON_LITERAL_NULL_CONVERSION = YES;
				CLANG_WARN_OBJC_IMPLICIT_RETAIN_SELF = YES;
				CLANG_WARN_OBJC_LITERAL_CONVERSION = YES;
				CLANG_WARN_OBJC_ROOT_CLASS = YES_ERROR;
				CLANG_WARN_RANGE_LOOP_ANALYSIS = YES;
				CLANG_WARN_STRICT_PROTOTYPES = YES;
				CLANG_WARN_SUSPICIOUS_MOVE = YES;
				CLANG_WARN_UNGUARDED_AVAILABILITY = YES_AGGRESSIVE;
				CLANG_WARN_UNREACHABLE_CODE = YES;
				CLANG_WARN__DUPLICATE_METHOD_MATCH = YES;
				CODE_SIGN_IDENTITY = "Mac Developer";
				COPY_PHASE_STRIP = NO;
				DEBUG_INFORMATION_FORMAT = "dwarf-with-dsym";
				ENABLE_NS_ASSERTIONS = NO;
				ENABLE_STRICT_OBJC_MSGSEND = YES;
				GCC_C_LANGUAGE_STANDARD = gnu11;
				GCC_NO_COMMON_BLOCKS = YES;
				GCC_WARN_64_TO_32_BIT_CONVERSION = YES;
				GCC_WARN_ABOUT_RETURN_TYPE = YES_ERROR;
				GCC_WARN_UNDECLARED_SELECTOR = YES;
				GCC_WARN_UNINITIALIZED_AUTOS = YES_AGGRESSIVE;
				GCC_WARN_UNUSED_FUNCTION = YES;
				GCC_WARN_UNUSED_VARIABLE = YES;
				MACOSX_DEPLOYMENT_TARGET = 10.14;
				MTL_ENABLE_DEBUG_INFO = NO;
				MTL_FAST_MATH = YES;
				SDKROOT = macosx;
				SWIFT_COMPILATION_MODE = wholemodule;
				SWIFT_OPTIMIZATION_LEVEL = "-O";
			};
			name = Release;
		};
		80CBF9B22220A8190016BA8C /* Debug */ = {
			isa = XCBuildConfiguration;
			buildSettings = {
				ASSETCATALOG_COMPILER_APPICON_NAME = AppIcon;
				CODE_SIGN_ENTITLEMENTS = ReactionDiffusion/ReactionDiffusion.entitlements;
				CODE_SIGN_STYLE = Automatic;
				COMBINE_HIDPI_IMAGES = YES;
				DEVELOPMENT_TEAM = X8H9TA2A22;
				INFOPLIST_FILE = ReactionDiffusion/Info.plist;
				LD_RUNPATH_SEARCH_PATHS = (
					"$(inherited)",
					"@executable_path/../Frameworks",
				);
				PRODUCT_BUNDLE_IDENTIFIER = nl.joskuijpers.ReactionDiffusion;
				PRODUCT_NAME = "$(TARGET_NAME)";
				SWIFT_VERSION = 4.2;
			};
			name = Debug;
		};
		80CBF9B32220A8190016BA8C /* Release */ = {
			isa = XCBuildConfiguration;
			buildSettings = {
				ASSETCATALOG_COMPILER_APPICON_NAME = AppIcon;
				CODE_SIGN_ENTITLEMENTS = ReactionDiffusion/ReactionDiffusion.entitlements;
				CODE_SIGN_STYLE = Automatic;
				COMBINE_HIDPI_IMAGES = YES;
				DEVELOPMENT_TEAM = X8H9TA2A22;
				INFOPLIST_FILE = ReactionDiffusion/Info.plist;
				LD_RUNPATH_SEARCH_PATHS = (
					"$(inherited)",
					"@executable_path/../Frameworks",
				);
				PRODUCT_BUNDLE_IDENTIFIER = nl.joskuijpers.ReactionDiffusion;
				PRODUCT_NAME = "$(TARGET_NAME)";
				SWIFT_VERSION = 4.2;
			};
			name = Release;
		};
		80CBF9B52220A8190016BA8C /* Debug */ = {
			isa = XCBuildConfiguration;
			buildSettings = {
				ALWAYS_EMBED_SWIFT_STANDARD_LIBRARIES = YES;
				BUNDLE_LOADER = "$(TEST_HOST)";
				CODE_SIGN_STYLE = Automatic;
				COMBINE_HIDPI_IMAGES = YES;
				DEVELOPMENT_TEAM = X8H9TA2A22;
				INFOPLIST_FILE = ReactionDiffusionTests/Info.plist;
				LD_RUNPATH_SEARCH_PATHS = (
					"$(inherited)",
					"@executable_path/../Frameworks",
					"@loader_path/../Frameworks",
				);
				PRODUCT_BUNDLE_IDENTIFIER = nl.joskuijpers.ReactionDiffusionTests;
				PRODUCT_NAME = "$(TARGET_NAME)";
				SWIFT_VERSION = 4.2;
				TEST_HOST = "$(BUILT_PRODUCTS_DIR)/ReactionDiffusion.app/Contents/MacOS/ReactionDiffusion";
			};
			name = Debug;
		};
		80CBF9B62220A8190016BA8C /* Release */ = {
			isa = XCBuildConfiguration;
			buildSettings = {
				ALWAYS_EMBED_SWIFT_STANDARD_LIBRARIES = YES;
				BUNDLE_LOADER = "$(TEST_HOST)";
				CODE_SIGN_STYLE = Automatic;
				COMBINE_HIDPI_IMAGES = YES;
				DEVELOPMENT_TEAM = X8H9TA2A22;
				INFOPLIST_FILE = ReactionDiffusionTests/Info.plist;
				LD_RUNPATH_SEARCH_PATHS = (
					"$(inherited)",
					"@executable_path/../Frameworks",
					"@loader_path/../Frameworks",
				);
				PRODUCT_BUNDLE_IDENTIFIER = nl.joskuijpers.ReactionDiffusionTests;
				PRODUCT_NAME = "$(TARGET_NAME)";
				SWIFT_VERSION = 4.2;
				TEST_HOST = "$(BUILT_PRODUCTS_DIR)/ReactionDiffusion.app/Contents/MacOS/ReactionDiffusion";
			};
			name = Release;
		};
/* End XCBuildConfiguration section */

/* Begin XCConfigurationList section */
		80CBF9912220A8160016BA8C /* Build configuration list for PBXProject "ReactionDiffusion" */ = {
			isa = XCConfigurationList;
			buildConfigurations = (
				80CBF9AF2220A8190016BA8C /* Debug */,
				80CBF9B02220A8190016BA8C /* Release */,
			);
			defaultConfigurationIsVisible = 0;
			defaultConfigurationName = Release;
		};
		80CBF9B12220A8190016BA8C /* Build configuration list for PBXNativeTarget "ReactionDiffusion" */ = {
			isa = XCConfigurationList;
			buildConfigurations = (
				80CBF9B22220A8190016BA8C /* Debug */,
				80CBF9B32220A8190016BA8C /* Release */,
			);
			defaultConfigurationIsVisible = 0;
			defaultConfigurationName = Release;
		};
		80CBF9B42220A8190016BA8C /* Build configuration list for PBXNativeTarget "ReactionDiffusionTests" */ = {
			isa = XCConfigurationList;
			buildConfigurations = (
				80CBF9B52220A8190016BA8C /* Debug */,
				80CBF9B62220A8190016BA8C /* Release */,
			);
			defaultConfigurationIsVisible = 0;
			defaultConfigurationName = Release;
		};
/* End XCConfigurationList section */
	};
	rootObject = 80CBF98E2220A8160016BA8C /* Project object */;
}
